
Microsoft Visual Studio Solution File, Format Version 12.00
# Visual Studio 15
VisualStudioVersion = 15.0.27130.2010
MinimumVisualStudioVersion = 10.0.40219.1
Project("{FAE04EC0-301F-11D3-BF4B-00C04F79EFBC}") = "Calculation", "Calculation\Calculation.csproj", "{ECE5CB8E-5EED-4EE7-9114-F2643301F094}"
EndProject
Project("{FAE04EC0-301F-11D3-BF4B-00C04F79EFBC}") = "CalculatorDemo", "CalculatorDemo\CalculatorDemo.csproj", "{6BE5A915-F920-4A5D-B682-B2654EE704F0}"
EndProject
Global
	GlobalSection(SolutionConfigurationPlatforms) = preSolution
		Debug|Any CPU = Debug|Any CPU
		Release|Any CPU = Release|Any CPU
	EndGlobalSection
	GlobalSection(ProjectConfigurationPlatforms) = postSolution
		{ECE5CB8E-5EED-4EE7-9114-F2643301F094}.Debug|Any CPU.ActiveCfg = Debug|Any CPU
		{ECE5CB8E-5EED-4EE7-9114-F2643301F094}.Debug|Any CPU.Build.0 = Debug|Any CPU
		{ECE5CB8E-5EED-4EE7-9114-F2643301F094}.Release|Any CPU.ActiveCfg = Release|Any CPU
		{ECE5CB8E-5EED-4EE7-9114-F2643301F094}.Release|Any CPU.Build.0 = Release|Any CPU
		{6BE5A915-F920-4A5D-B682-B2654EE704F0}.Debug|Any CPU.ActiveCfg = Debug|Any CPU
		{6BE5A915-F920-4A5D-B682-B2654EE704F0}.Debug|Any CPU.Build.0 = Debug|Any CPU
		{6BE5A915-F920-4A5D-B682-B2654EE704F0}.Release|Any CPU.ActiveCfg = Release|Any CPU
		{6BE5A915-F920-4A5D-B682-B2654EE704F0}.Release|Any CPU.Build.0 = Release|Any CPU
	EndGlobalSection
	GlobalSection(SolutionProperties) = preSolution
		HideSolutionNode = FALSE
	EndGlobalSection
	GlobalSection(ExtensibilityGlobals) = postSolution
		SolutionGuid = {20D7DBA0-19F9-4D9C-9A36-5ADE4976CECE}
	EndGlobalSection
EndGlobal
